
Microsoft Visual Studio Solution File, Format Version 12.00
# Visual Studio Version 16
VisualStudioVersion = 16.0.30907.101
MinimumVisualStudioVersion = 10.0.40219.1
Project("{9A19103F-16F7-4668-BE54-9A1E7A4F7556}") = "Basket.API", "Services\Basket\Basket.API\Basket.API.csproj", "{85E525DF-BE3A-40BD-B46F-FB72833B382D}"
EndProject
Project("{E53339B2-1760-4266-BCC7-CA923CBCF16C}") = "docker-compose", "docker-compose.dcproj", "{0DA6FA3C-9F97-4E5A-BF36-BA2E48F80070}"
EndProject
Project("{2150E333-8FDC-42A3-9474-1A3956D46DE8}") = "Services", "Services", "{896F1857-2F6A-4A88-80E7-7A284E4FB7DD}"
EndProject
Project("{2150E333-8FDC-42A3-9474-1A3956D46DE8}") = "Basket", "Basket", "{51837299-D8AE-4F87-93C3-959176C43852}"
EndProject
Project("{2150E333-8FDC-42A3-9474-1A3956D46DE8}") = "EventBus", "EventBus", "{6E3778F9-0081-4139-B4D1-D2D2EC71B2E2}"
EndProject
Project("{9A19103F-16F7-4668-BE54-9A1E7A4F7556}") = "EventBusRabbitMQ", "EventBus\EventBusRabbitMQ\EventBusRabbitMQ.csproj", "{A8895C0A-52A1-4185-9CFE-307746F0A121}"
EndProject
Project("{9A19103F-16F7-4668-BE54-9A1E7A4F7556}") = "EventBus", "EventBus\EventBus\EventBus.csproj", "{1981EBA4-693A-4898-90CF-7EBA5FE5C79A}"
EndProject
Project("{2150E333-8FDC-42A3-9474-1A3956D46DE8}") = "Solution Items", "Solution Items", "{14349602-9D48-4701-A5DD-F01BD0238313}"
	ProjectSection(SolutionItems) = preProject
		.env = .env
	EndProjectSection
EndProject
Project("{2150E333-8FDC-42A3-9474-1A3956D46DE8}") = "src", "src", "{F81A5AFA-CCC9-468B-9594-F2AB5EE79ED3}"
EndProject
Project("{FAE04EC0-301F-11D3-BF4B-00C04F79EFBC}") = "Basket.FunctionalTests", "Services\Basket\Basket.FunctionalTests\Basket.FunctionalTests.csproj", "{AA0A7FEC-F08F-43BA-9372-EB541C33248B}"
EndProject
Project("{FAE04EC0-301F-11D3-BF4B-00C04F79EFBC}") = "Basket.UnitTests", "Services\Basket\Basket.UnitTests\Basket.UnitTests.csproj", "{9CA256DC-751C-4D65-946E-E0E9506A9D42}"
EndProject
Global
	GlobalSection(SolutionConfigurationPlatforms) = preSolution
		Debug|Any CPU = Debug|Any CPU
		Release|Any CPU = Release|Any CPU
	EndGlobalSection
	GlobalSection(ProjectConfigurationPlatforms) = postSolution
		{85E525DF-BE3A-40BD-B46F-FB72833B382D}.Debug|Any CPU.ActiveCfg = Debug|Any CPU
		{85E525DF-BE3A-40BD-B46F-FB72833B382D}.Debug|Any CPU.Build.0 = Debug|Any CPU
		{85E525DF-BE3A-40BD-B46F-FB72833B382D}.Release|Any CPU.ActiveCfg = Release|Any CPU
		{85E525DF-BE3A-40BD-B46F-FB72833B382D}.Release|Any CPU.Build.0 = Release|Any CPU
		{0DA6FA3C-9F97-4E5A-BF36-BA2E48F80070}.Debug|Any CPU.ActiveCfg = Debug|Any CPU
		{0DA6FA3C-9F97-4E5A-BF36-BA2E48F80070}.Debug|Any CPU.Build.0 = Debug|Any CPU
		{0DA6FA3C-9F97-4E5A-BF36-BA2E48F80070}.Release|Any CPU.ActiveCfg = Release|Any CPU
		{0DA6FA3C-9F97-4E5A-BF36-BA2E48F80070}.Release|Any CPU.Build.0 = Release|Any CPU
		{A8895C0A-52A1-4185-9CFE-307746F0A121}.Debug|Any CPU.ActiveCfg = Debug|Any CPU
		{A8895C0A-52A1-4185-9CFE-307746F0A121}.Debug|Any CPU.Build.0 = Debug|Any CPU
		{A8895C0A-52A1-4185-9CFE-307746F0A121}.Release|Any CPU.ActiveCfg = Release|Any CPU
		{A8895C0A-52A1-4185-9CFE-307746F0A121}.Release|Any CPU.Build.0 = Release|Any CPU
		{1981EBA4-693A-4898-90CF-7EBA5FE5C79A}.Debug|Any CPU.ActiveCfg = Debug|Any CPU
		{1981EBA4-693A-4898-90CF-7EBA5FE5C79A}.Debug|Any CPU.Build.0 = Debug|Any CPU
		{1981EBA4-693A-4898-90CF-7EBA5FE5C79A}.Release|Any CPU.ActiveCfg = Release|Any CPU
		{1981EBA4-693A-4898-90CF-7EBA5FE5C79A}.Release|Any CPU.Build.0 = Release|Any CPU
		{AA0A7FEC-F08F-43BA-9372-EB541C33248B}.Debug|Any CPU.ActiveCfg = Debug|Any CPU
		{AA0A7FEC-F08F-43BA-9372-EB541C33248B}.Debug|Any CPU.Build.0 = Debug|Any CPU
		{AA0A7FEC-F08F-43BA-9372-EB541C33248B}.Release|Any CPU.ActiveCfg = Release|Any CPU
		{AA0A7FEC-F08F-43BA-9372-EB541C33248B}.Release|Any CPU.Build.0 = Release|Any CPU
		{9CA256DC-751C-4D65-946E-E0E9506A9D42}.Debug|Any CPU.ActiveCfg = Debug|Any CPU
		{9CA256DC-751C-4D65-946E-E0E9506A9D42}.Debug|Any CPU.Build.0 = Debug|Any CPU
		{9CA256DC-751C-4D65-946E-E0E9506A9D42}.Release|Any CPU.ActiveCfg = Release|Any CPU
		{9CA256DC-751C-4D65-946E-E0E9506A9D42}.Release|Any CPU.Build.0 = Release|Any CPU
	EndGlobalSection
	GlobalSection(SolutionProperties) = preSolution
		HideSolutionNode = FALSE
	EndGlobalSection
	GlobalSection(NestedProjects) = preSolution
		{85E525DF-BE3A-40BD-B46F-FB72833B382D} = {51837299-D8AE-4F87-93C3-959176C43852}
		{896F1857-2F6A-4A88-80E7-7A284E4FB7DD} = {F81A5AFA-CCC9-468B-9594-F2AB5EE79ED3}
		{51837299-D8AE-4F87-93C3-959176C43852} = {896F1857-2F6A-4A88-80E7-7A284E4FB7DD}
		{6E3778F9-0081-4139-B4D1-D2D2EC71B2E2} = {F81A5AFA-CCC9-468B-9594-F2AB5EE79ED3}
		{A8895C0A-52A1-4185-9CFE-307746F0A121} = {6E3778F9-0081-4139-B4D1-D2D2EC71B2E2}
		{1981EBA4-693A-4898-90CF-7EBA5FE5C79A} = {6E3778F9-0081-4139-B4D1-D2D2EC71B2E2}
		{AA0A7FEC-F08F-43BA-9372-EB541C33248B} = {51837299-D8AE-4F87-93C3-959176C43852}
		{9CA256DC-751C-4D65-946E-E0E9506A9D42} = {51837299-D8AE-4F87-93C3-959176C43852}
	EndGlobalSection
	GlobalSection(ExtensibilityGlobals) = postSolution
		SolutionGuid = {3E1474A9-AB27-4576-B1EB-0DEA98392D31}
	EndGlobalSection
EndGlobal
